
Microsoft Visual Studio Solution File, Format Version 12.00
# Visual Studio Version 17
VisualStudioVersion = 17.4.33122.133
MinimumVisualStudioVersion = 10.0.40219.1
Project("{FAE04EC0-301F-11D3-BF4B-00C04F79EFBC}") = "tugas", "tugas\tugas.csproj", "{EC133FC5-E7D3-4820-BBE3-E27D337C465F}"
EndProject
Global
	GlobalSection(SolutionConfigurationPlatforms) = preSolution
		Debug|Any CPU = Debug|Any CPU
		Release|Any CPU = Release|Any CPU
	EndGlobalSection
	GlobalSection(ProjectConfigurationPlatforms) = postSolution
		{EC133FC5-E7D3-4820-BBE3-E27D337C465F}.Debug|Any CPU.ActiveCfg = Debug|Any CPU
		{EC133FC5-E7D3-4820-BBE3-E27D337C465F}.Debug|Any CPU.Build.0 = Debug|Any CPU
		{EC133FC5-E7D3-4820-BBE3-E27D337C465F}.Release|Any CPU.ActiveCfg = Release|Any CPU
		{EC133FC5-E7D3-4820-BBE3-E27D337C465F}.Release|Any CPU.Build.0 = Release|Any CPU
	EndGlobalSection
	GlobalSection(SolutionProperties) = preSolution
		HideSolutionNode = FALSE
	EndGlobalSection
	GlobalSection(ExtensibilityGlobals) = postSolution
		SolutionGuid = {844ADCCA-0532-4EF9-AB33-8F8645456298}
	EndGlobalSection
EndGlobal
